
Microsoft Visual Studio Solution File, Format Version 12.00
# Visual Studio Version 17
VisualStudioVersion = 17.3.32929.385
MinimumVisualStudioVersion = 10.0.40219.1
Project("{9A19103F-16F7-4668-BE54-9A1E7A4F7556}") = "Indigo", "Indigo.csproj", "{DDF41A07-8248-4BFF-9933-53709B15836E}"
EndProject
Project("{FAE04EC0-301F-11D3-BF4B-00C04F79EFBC}") = "Core", "..\Core\Core.csproj", "{5A0F19EA-188F-42AC-9556-BEB6002BF272}"
EndProject
Project("{FAE04EC0-301F-11D3-BF4B-00C04F79EFBC}") = "DAL", "..\DAL\DAL.csproj", "{689466AD-A5AF-43CB-8714-C1024D455B8F}"
EndProject
Project("{FAE04EC0-301F-11D3-BF4B-00C04F79EFBC}") = "Entities", "..\Entities\Entities.csproj", "{B6EEC7F1-BD4D-4CF9-B1FD-818083172570}"
EndProject
Global
	GlobalSection(SolutionConfigurationPlatforms) = preSolution
		Debug|Any CPU = Debug|Any CPU
		Release|Any CPU = Release|Any CPU
	EndGlobalSection
	GlobalSection(ProjectConfigurationPlatforms) = postSolution
		{DDF41A07-8248-4BFF-9933-53709B15836E}.Debug|Any CPU.ActiveCfg = Debug|Any CPU
		{DDF41A07-8248-4BFF-9933-53709B15836E}.Debug|Any CPU.Build.0 = Debug|Any CPU
		{DDF41A07-8248-4BFF-9933-53709B15836E}.Release|Any CPU.ActiveCfg = Release|Any CPU
		{DDF41A07-8248-4BFF-9933-53709B15836E}.Release|Any CPU.Build.0 = Release|Any CPU
		{5A0F19EA-188F-42AC-9556-BEB6002BF272}.Debug|Any CPU.ActiveCfg = Debug|Any CPU
		{5A0F19EA-188F-42AC-9556-BEB6002BF272}.Debug|Any CPU.Build.0 = Debug|Any CPU
		{5A0F19EA-188F-42AC-9556-BEB6002BF272}.Release|Any CPU.ActiveCfg = Release|Any CPU
		{5A0F19EA-188F-42AC-9556-BEB6002BF272}.Release|Any CPU.Build.0 = Release|Any CPU
		{689466AD-A5AF-43CB-8714-C1024D455B8F}.Debug|Any CPU.ActiveCfg = Debug|Any CPU
		{689466AD-A5AF-43CB-8714-C1024D455B8F}.Debug|Any CPU.Build.0 = Debug|Any CPU
		{689466AD-A5AF-43CB-8714-C1024D455B8F}.Release|Any CPU.ActiveCfg = Release|Any CPU
		{689466AD-A5AF-43CB-8714-C1024D455B8F}.Release|Any CPU.Build.0 = Release|Any CPU
		{B6EEC7F1-BD4D-4CF9-B1FD-818083172570}.Debug|Any CPU.ActiveCfg = Debug|Any CPU
		{B6EEC7F1-BD4D-4CF9-B1FD-818083172570}.Debug|Any CPU.Build.0 = Debug|Any CPU
		{B6EEC7F1-BD4D-4CF9-B1FD-818083172570}.Release|Any CPU.ActiveCfg = Release|Any CPU
		{B6EEC7F1-BD4D-4CF9-B1FD-818083172570}.Release|Any CPU.Build.0 = Release|Any CPU
	EndGlobalSection
	GlobalSection(SolutionProperties) = preSolution
		HideSolutionNode = FALSE
	EndGlobalSection
	GlobalSection(ExtensibilityGlobals) = postSolution
		SolutionGuid = {2B44CFE6-1762-43AF-B299-15973796F152}
	EndGlobalSection
EndGlobal
